[{<<"etcd">>,
  {git,"https://github.com/joq62/etcd.git",
       {ref,"c0edae2dd2ac423feeda517519eea5d42d9a7ddc"}},
  0},
 {<<"lib_sd">>,
  {git,"https://github.com/joq62/lib_sd.git",
       {ref,"1c9552ee681e04725478db97ed31439076a97661"}},
  0},
 {<<"log">>,
  {git,"https://github.com/joq62/log.git",
       {ref,"52fbd1ae9e3f641360505fa400655f22d649354b"}},
  0}].
